
Microsoft Visual Studio Solution File, Format Version 12.00
# Blend for Visual Studio 14
VisualStudioVersion = 14.0.23107.0
MinimumVisualStudioVersion = 10.0.40219.1
Project("{FAE04EC0-301F-11D3-BF4B-00C04F79EFBC}") = "WXEF", "WXEF\WXEF.csproj", "{B8B4A30A-76ED-40A8-98BC-F3F50CA30823}"
EndProject
Project("{FAE04EC0-301F-11D3-BF4B-00C04F79EFBC}") = "CommonServer", "CommonServer\CommonServer.csproj", "{3FB03079-949F-48D6-8CB1-3762637B5160}"
EndProject
Project("{FAE04EC0-301F-11D3-BF4B-00C04F79EFBC}") = "ClubCardEF", "ClubCardEF\ClubCardEF.csproj", "{A49966DB-C5AF-4E65-B990-DD21A7C3FFB4}"
EndProject
Project("{FAE04EC0-301F-11D3-BF4B-00C04F79EFBC}") = "wsjhdWeb", "wsjhdWeb\wsjhdWeb.csproj", "{59787A1D-B8B9-4319-80EE-6EE14D846FC0}"
EndProject
Global
	GlobalSection(SolutionConfigurationPlatforms) = preSolution
		Debug|Any CPU = Debug|Any CPU
		Release|Any CPU = Release|Any CPU
	EndGlobalSection
	GlobalSection(ProjectConfigurationPlatforms) = postSolution
		{B8B4A30A-76ED-40A8-98BC-F3F50CA30823}.Debug|Any CPU.ActiveCfg = Debug|Any CPU
		{B8B4A30A-76ED-40A8-98BC-F3F50CA30823}.Debug|Any CPU.Build.0 = Debug|Any CPU
		{B8B4A30A-76ED-40A8-98BC-F3F50CA30823}.Release|Any CPU.ActiveCfg = Release|Any CPU
		{B8B4A30A-76ED-40A8-98BC-F3F50CA30823}.Release|Any CPU.Build.0 = Release|Any CPU
		{3FB03079-949F-48D6-8CB1-3762637B5160}.Debug|Any CPU.ActiveCfg = Debug|Any CPU
		{3FB03079-949F-48D6-8CB1-3762637B5160}.Debug|Any CPU.Build.0 = Debug|Any CPU
		{3FB03079-949F-48D6-8CB1-3762637B5160}.Release|Any CPU.ActiveCfg = Release|Any CPU
		{3FB03079-949F-48D6-8CB1-3762637B5160}.Release|Any CPU.Build.0 = Release|Any CPU
		{A49966DB-C5AF-4E65-B990-DD21A7C3FFB4}.Debug|Any CPU.ActiveCfg = Debug|Any CPU
		{A49966DB-C5AF-4E65-B990-DD21A7C3FFB4}.Debug|Any CPU.Build.0 = Debug|Any CPU
		{A49966DB-C5AF-4E65-B990-DD21A7C3FFB4}.Release|Any CPU.ActiveCfg = Release|Any CPU
		{A49966DB-C5AF-4E65-B990-DD21A7C3FFB4}.Release|Any CPU.Build.0 = Release|Any CPU
		{59787A1D-B8B9-4319-80EE-6EE14D846FC0}.Debug|Any CPU.ActiveCfg = Debug|Any CPU
		{59787A1D-B8B9-4319-80EE-6EE14D846FC0}.Debug|Any CPU.Build.0 = Debug|Any CPU
		{59787A1D-B8B9-4319-80EE-6EE14D846FC0}.Release|Any CPU.ActiveCfg = Release|Any CPU
		{59787A1D-B8B9-4319-80EE-6EE14D846FC0}.Release|Any CPU.Build.0 = Release|Any CPU
	EndGlobalSection
	GlobalSection(SolutionProperties) = preSolution
		HideSolutionNode = FALSE
	EndGlobalSection
EndGlobal
